PODS:
  - AKUAssetManager (0.2.0):
    - Lambda-Alert
  - FBSnapshotTestCase (2.0.3):
    - FBSnapshotTestCase/SwiftSupport (= 2.0.3)
  - FBSnapshotTestCase/Core (2.0.3)
  - FBSnapshotTestCase/SwiftSupport (2.0.3):
    - FBSnapshotTestCase/Core
  - Kiwi (2.4.0)
  - Lambda-Alert (1.0.1)

DEPENDENCIES:
  - AKUAssetManager (from `./`)
  - FBSnapshotTestCase
  - Kiwi

EXTERNAL SOURCES:
  AKUAssetManager:
    :path: ./

SPEC CHECKSUMS:
  AKUAssetManager: 24b0af39a159a69a153e3177dcff6db10248c41e
  FBSnapshotTestCase: d0eeca6bf87958e088b254396ae66873f971cfb1
  Kiwi: f49c9d54b28917df5928fe44968a39ed198cb8a8
  Lambda-Alert: dadd1e0c1d6a63f8c8300f7aad9f263101c1ccba

COCOAPODS: 0.38.2
